
Microsoft Visual Studio Solution File, Format Version 12.00
# Visual Studio Version 17
VisualStudioVersion = 17.11.35312.102
MinimumVisualStudioVersion = 10.0.40219.1
Project("{FAE04EC0-301F-11D3-BF4B-00C04F79EFBC}") = "ProjetoXadrez", "ProjetoXadrez\ProjetoXadrez.csproj", "{69771F98-F8F8-4476-A1F7-3CB8A3064A03}"
EndProject
Global
	GlobalSection(SolutionConfigurationPlatforms) = preSolution
		Debug|Any CPU = Debug|Any CPU
		Release|Any CPU = Release|Any CPU
	EndGlobalSection
	GlobalSection(ProjectConfigurationPlatforms) = postSolution
		{69771F98-F8F8-4476-A1F7-3CB8A3064A03}.Debug|Any CPU.ActiveCfg = Debug|Any CPU
		{69771F98-F8F8-4476-A1F7-3CB8A3064A03}.Debug|Any CPU.Build.0 = Debug|Any CPU
		{69771F98-F8F8-4476-A1F7-3CB8A3064A03}.Release|Any CPU.ActiveCfg = Release|Any CPU
		{69771F98-F8F8-4476-A1F7-3CB8A3064A03}.Release|Any CPU.Build.0 = Release|Any CPU
	EndGlobalSection
	GlobalSection(SolutionProperties) = preSolution
		HideSolutionNode = FALSE
	EndGlobalSection
	GlobalSection(ExtensibilityGlobals) = postSolution
		SolutionGuid = {3D1EA5D9-B828-4D1F-AFBB-574E70059127}
	EndGlobalSection
EndGlobal
